// !$*UTF8*$!
{
	archiveVersion = 1;
	classes = {
	};
	objectVersion = 46;
	objects = {

/* Begin PBXBuildFile section */
		8F22A37C1DC5D42B00672F71 /* AppDelegate.swift in Sources */ = {isa = PBXBuildFile; fileRef = 8F22A37B1DC5D42B00672F71 /* AppDelegate.swift */; };
		8F22A37E1DC5D42B00672F71 /* ViewController.swift in Sources */ = {isa = PBXBuildFile; fileRef = 8F22A37D1DC5D42B00672F71 /* ViewController.swift */; };
		8F22A3811DC5D42B00672F71 /* Main.storyboard in Resources */ = {isa = PBXBuildFile; fileRef = 8F22A37F1DC5D42B00672F71 /* Main.storyboard */; };
		8F22A3831DC5D42B00672F71 /* Assets.xcassets in Resources */ = {isa = PBXBuildFile; fileRef = 8F22A3821DC5D42B00672F71 /* Assets.xcassets */; };
		8F22A3861DC5D42B00672F71 /* LaunchScreen.storyboard in Resources */ = {isa = PBXBuildFile; fileRef = 8F22A3841DC5D42B00672F71 /* LaunchScreen.storyboard */; };
		8F22A38E1DC5D73200672F71 /* NextViewController.swift in Sources */ = {isa = PBXBuildFile; fileRef = 8F22A38D1DC5D73200672F71 /* NextViewController.swift */; };
		8F22A3901DC5E11900672F71 /* EndViewController.swift in Sources */ = {isa = PBXBuildFile; fileRef = 8F22A38F1DC5E11900672F71 /* EndViewController.swift */; };
/* End PBXBuildFile section */

/* Begin PBXFileReference section */
		8F22A3781DC5D42B00672F71 /* moveApp.app */ = {isa = PBXFileReference; explicitFileType = wrapper.application; includeInIndex = 0; path = moveApp.app; sourceTree = BUILT_PRODUCTS_DIR; };
		8F22A37B1DC5D42B00672F71 /* AppDelegate.swift */ = {isa = PBXFileReference; lastKnownFileType = sourcecode.swift; path = AppDelegate.swift; sourceTree = "<group>"; };
		8F22A37D1DC5D42B00672F71 /* ViewController.swift */ = {isa = PBXFileReference; lastKnownFileType = sourcecode.swift; path = ViewController.swift; sourceTree = "<group>"; };
		8F22A3801DC5D42B00672F71 /* Base */ = {isa = PBXFileReference; lastKnownFileType = file.storyboard; name = Base; path = Base.lproj/Main.storyboard; sourceTree = "<group>"; };
		8F22A3821DC5D42B00672F71 /* Assets.xcassets */ = {isa = PBXFileReference; lastKnownFileType = folder.assetcatalog; path = Assets.xcassets; sourceTree = "<group>"; };
		8F22A3851DC5D42B00672F71 /* Base */ = {isa = PBXFileReference; lastKnownFileType = file.storyboard; name = Base; path = Base.lproj/LaunchScreen.storyboard; sourceTree = "<group>"; };
		8F22A3871DC5D42B00672F71 /* Info.plist */ = {isa = PBXFileReference; lastKnownFileType = text.plist.xml; path = Info.plist; sourceTree = "<group>"; };
		8F22A38D1DC5D73200672F71 /* NextViewController.swift */ = {isa = PBXFileReference; fileEncoding = 4; lastKnownFileType = sourcecode.swift; path = NextViewController.swift; sourceTree = "<group>"; };
		8F22A38F1DC5E11900672F71 /* EndViewController.swift */ = {isa = PBXFileReference; fileEncoding = 4; lastKnownFileType = sourcecode.swift; path = EndViewController.swift; sourceTree = "<group>"; };
/* End PBXFileReference section */

/* Begin PBXFrameworksBuildPhase section */
		8F22A3751DC5D42B00672F71 /* Frameworks */ = {
			isa = PBXFrameworksBuildPhase;
			buildActionMask = 2147483647;
			files = (
			);
			runOnlyForDeploymentPostprocessing = 0;
		};
/* End PBXFrameworksBuildPhase section */

/* Begin PBXGroup section */
		8F22A36F1DC5D42B00672F71 = {
			isa = PBXGroup;
			children = (
				8F22A37A1DC5D42B00672F71 /* moveApp */,
				8F22A3791DC5D42B00672F71 /* Products */,
			);
			sourceTree = "<group>";
		};
		8F22A3791DC5D42B00672F71 /* Products */ = {
			isa = PBXGroup;
			children = (
				8F22A3781DC5D42B00672F71 /* moveApp.app */,
			);
			name = Products;
			sourceTree = "<group>";
		};
		8F22A37A1DC5D42B00672F71 /* moveApp */ = {
			isa = PBXGroup;
			children = (
				8F22A37B1DC5D42B00672F71 /* AppDelegate.swift */,
				8F22A37D1DC5D42B00672F71 /* ViewController.swift */,
				8F22A38D1DC5D73200672F71 /* NextViewController.swift */,
				8F22A38F1DC5E11900672F71 /* EndViewController.swift */,
				8F22A37F1DC5D42B00672F71 /* Main.storyboard */,
				8F22A3821DC5D42B00672F71 /* Assets.xcassets */,
				8F22A3841DC5D42B00672F71 /* LaunchScreen.storyboard */,
				8F22A3871DC5D42B00672F71 /* Info.plist */,
			);
			path = moveApp;
			sourceTree = "<group>";
		};
/* End PBXGroup section */

/* Begin PBXNativeTarget section */
		8F22A3771DC5D42B00672F71 /* moveApp */ = {
			isa = PBXNativeTarget;
			buildConfigurationList = 8F22A38A1DC5D42B00672F71 /* Build configuration list for PBXNativeTarget "moveApp" */;
			buildPhases = (
				8F22A3741DC5D42B00672F71 /* Sources */,
				8F22A3751DC5D42B00672F71 /* Frameworks */,
				8F22A3761DC5D42B00672F71 /* Resources */,
			);
			buildRules = (
			);
			dependencies = (
			);
			name = moveApp;
			productName = moveApp;
			productReference = 8F22A3781DC5D42B00672F71 /* moveApp.app */;
			productType = "com.apple.product-type.application";
		};
/* End PBXNativeTarget section */

/* Begin PBXProject section */
		8F22A3701DC5D42B00672F71 /* Project object */ = {
			isa = PBXProject;
			attributes = {
				LastSwiftUpdateCheck = 0810;
				LastUpgradeCheck = 0810;
				ORGANIZATIONNAME = "nowall-hachimantai";
				TargetAttributes = {
					8F22A3771DC5D42B00672F71 = {
						CreatedOnToolsVersion = 8.1;
						ProvisioningStyle = Automatic;
					};
				};
			};
			buildConfigurationList = 8F22A3731DC5D42B00672F71 /* Build configuration list for PBXProject "moveApp" */;
			compatibilityVersion = "Xcode 3.2";
			developmentRegion = English;
			hasScannedForEncodings = 0;
			knownRegions = (
				en,
				Base,
			);
			mainGroup = 8F22A36F1DC5D42B00672F71;
			productRefGroup = 8F22A3791DC5D42B00672F71 /* Products */;
			projectDirPath = "";
			projectRoot = "";
			targets = (
				8F22A3771DC5D42B00672F71 /* moveApp */,
			);
		};
/* End PBXProject section */

/* Begin PBXResourcesBuildPhase section */
		8F22A3761DC5D42B00672F71 /* Resources */ = {
			isa = PBXResourcesBuildPhase;
			buildActionMask = 2147483647;
			files = (
				8F22A3861DC5D42B00672F71 /* LaunchScreen.storyboard in Resources */,
				8F22A3831DC5D42B00672F71 /* Assets.xcassets in Resources */,
				8F22A3811DC5D42B00672F71 /* Main.storyboard in Resources */,
			);
			runOnlyForDeploymentPostprocessing = 0;
		};
/* End PBXResourcesBuildPhase section */

/* Begin PBXSourcesBuildPhase section */
		8F22A3741DC5D42B00672F71 /* Sources */ = {
			isa = PBXSourcesBuildPhase;
			buildActionMask = 2147483647;
			files = (
				8F22A3901DC5E11900672F71 /* EndViewController.swift in Sources */,
				8F22A37E1DC5D42B00672F71 /* ViewController.swift in Sources */,
				8F22A38E1DC5D73200672F71 /* NextViewController.swift in Sources */,
				8F22A37C1DC5D42B00672F71 /* AppDelegate.swift in Sources */,
			);
			runOnlyForDeploymentPostprocessing = 0;
		};
/* End PBXSourcesBuildPhase section */

/* Begin PBXVariantGroup section */
		8F22A37F1DC5D42B00672F71 /* Main.storyboard */ = {
			isa = PBXVariantGroup;
			children = (
				8F22A3801DC5D42B00672F71 /* Base */,
			);
			name = Main.storyboard;
			sourceTree = "<group>";
		};
		8F22A3841DC5D42B00672F71 /* LaunchScreen.storyboard */ = {
			isa = PBXVariantGroup;
			children = (
				8F22A3851DC5D42B00672F71 /* Base */,
			);
			name = LaunchScreen.storyboard;
			sourceTree = "<group>";
		};
/* End PBXVariantGroup section */

/* Begin XCBuildConfiguration section */
		8F22A3881DC5D42B00672F71 /* Debug */ = {
			isa = XCBuildConfiguration;
			buildSettings = {
				ALWAYS_SEARCH_USER_PATHS = NO;
				CLANG_ANALYZER_NONNULL = YES;
				CLANG_CXX_LANGUAGE_STANDARD = "gnu++0x";
				CLANG_CXX_LIBRARY = "libc++";
				CLANG_ENABLE_MODULES = YES;
				CLANG_ENABLE_OBJC_ARC = YES;
				CLANG_WARN_BOOL_CONVERSION = YES;
				CLANG_WARN_CONSTANT_CONVERSION = YES;
				CLANG_WARN_DIRECT_OBJC_ISA_USAGE = YES_ERROR;
				CLANG_WARN_DOCUMENTATION_COMMENTS = YES;
				CLANG_WARN_EMPTY_BODY = YES;
				CLANG_WARN_ENUM_CONVERSION = YES;
				CLANG_WARN_INFINITE_RECURSION = YES;
				CLANG_WARN_INT_CONVERSION = YES;
				CLANG_WARN_OBJC_ROOT_CLASS = YES_ERROR;
				CLANG_WARN_SUSPICIOUS_MOVES = YES;
				CLANG_WARN_UNREACHABLE_CODE = YES;
				CLANG_WARN__DUPLICATE_METHOD_MATCH = YES;
				"CODE_SIGN_IDENTITY[sdk=iphoneos*]" = "iPhone Developer";
				COPY_PHASE_STRIP = NO;
				DEBUG_INFORMATION_FORMAT = dwarf;
				ENABLE_STRICT_OBJC_MSGSEND = YES;
				ENABLE_TESTABILITY = YES;
				GCC_C_LANGUAGE_STANDARD = gnu99;
				GCC_DYNAMIC_NO_PIC = NO;
				GCC_NO_COMMON_BLOCKS = YES;
				GCC_OPTIMIZATION_LEVEL = 0;
				GCC_PREPROCESSOR_DEFINITIONS = (
					"DEBUG=1",
					"$(inherited)",
				);
				GCC_WARN_64_TO_32_BIT_CONVERSION = YES;
				GCC_WARN_ABOUT_RETURN_TYPE = YES_ERROR;
				GCC_WARN_UNDECLARED_SELECTOR = YES;
				GCC_WARN_UNINITIALIZED_AUTOS = YES_AGGRESSIVE;
				GCC_WARN_UNUSED_FUNCTION = YES;
				GCC_WARN_UNUSED_VARIABLE = YES;
				IPHONEOS_DEPLOYMENT_TARGET = 10.1;
				MTL_ENABLE_DEBUG_INFO = YES;
				ONLY_ACTIVE_ARCH = YES;
				SDKROOT = iphoneos;
				SWIFT_ACTIVE_COMPILATION_CONDITIONS = DEBUG;
				SWIFT_OPTIMIZATION_LEVEL = "-Onone";
			};
			name = Debug;
		};
		8F22A3891DC5D42B00672F71 /* Release */ = {
			isa = XCBuildConfiguration;
			buildSettings = {
				ALWAYS_SEARCH_USER_PATHS = NO;
				CLANG_ANALYZER_NONNULL = YES;
				CLANG_CXX_LANGUAGE_STANDARD = "gnu++0x";
				CLANG_CXX_LIBRARY = "libc++";
				CLANG_ENABLE_MODULES = YES;
				CLANG_ENABLE_OBJC_ARC = YES;
				CLANG_WARN_BOOL_CONVERSION = YES;
				CLANG_WARN_CONSTANT_CONVERSION = YES;
				CLANG_WARN_DIRECT_OBJC_ISA_USAGE = YES_ERROR;
				CLANG_WARN_DOCUMENTATION_COMMENTS = YES;
				CLANG_WARN_EMPTY_BODY = YES;
				CLANG_WARN_ENUM_CONVERSION = YES;
				CLANG_WARN_INFINITE_RECURSION = YES;
				CLANG_WARN_INT_CONVERSION = YES;
				CLANG_WARN_OBJC_ROOT_CLASS = YES_ERROR;
				CLANG_WARN_SUSPICIOUS_MOVES = YES;
				CLANG_WARN_UNREACHABLE_CODE = YES;
				CLANG_WARN__DUPLICATE_METHOD_MATCH = YES;
				"CODE_SIGN_IDENTITY[sdk=iphoneos*]" = "iPhone Developer";
				COPY_PHASE_STRIP = NO;
				DEBUG_INFORMATION_FORMAT = "dwarf-with-dsym";
				ENABLE_NS_ASSERTIONS = NO;
				ENABLE_STRICT_OBJC_MSGSEND = YES;
				GCC_C_LANGUAGE_STANDARD = gnu99;
				GCC_NO_COMMON_BLOCKS = YES;
				GCC_WARN_64_TO_32_BIT_CONVERSION = YES;
				GCC_WARN_ABOUT_RETURN_TYPE = YES_ERROR;
				GCC_WARN_UNDECLARED_SELECTOR = YES;
				GCC_WARN_UNINITIALIZED_AUTOS = YES_AGGRESSIVE;
				GCC_WARN_UNUSED_FUNCTION = YES;
				GCC_WARN_UNUSED_VARIABLE = YES;
				IPHONEOS_DEPLOYMENT_TARGET = 10.1;
				MTL_ENABLE_DEBUG_INFO = NO;
				SDKROOT = iphoneos;
				SWIFT_OPTIMIZATION_LEVEL = "-Owholemodule";
				VALIDATE_PRODUCT = YES;
			};
			name = Release;
		};
		8F22A38B1DC5D42B00672F71 /* Debug */ = {
			isa = XCBuildConfiguration;
			buildSettings = {
				ASSETCATALOG_COMPILER_APPICON_NAME = AppIcon;
				INFOPLIST_FILE = moveApp/Info.plist;
				LD_RUNPATH_SEARCH_PATHS = "$(inherited) @executable_path/Frameworks";
				PRODUCT_BUNDLE_IDENTIFIER = com.mmizogaki.moveApp;
				PRODUCT_NAME = "$(TARGET_NAME)";
				SWIFT_VERSION = 3.0;
			};
			name = Debug;
		};
		8F22A38C1DC5D42B00672F71 /* Release */ = {
			isa = XCBuildConfiguration;
			buildSettings = {
				ASSETCATALOG_COMPILER_APPICON_NAME = AppIcon;
				INFOPLIST_FILE = moveApp/Info.plist;
				LD_RUNPATH_SEARCH_PATHS = "$(inherited) @executable_path/Frameworks";
				PRODUCT_BUNDLE_IDENTIFIER = com.mmizogaki.moveApp;
				PRODUCT_NAME = "$(TARGET_NAME)";
				SWIFT_VERSION = 3.0;
			};
			name = Release;
		};
/* End XCBuildConfiguration section */

/* Begin XCConfigurationList section */
		8F22A3731DC5D42B00672F71 /* Build configuration list for PBXProject "moveApp" */ = {
			isa = XCConfigurationList;
			buildConfigurations = (
				8F22A3881DC5D42B00672F71 /* Debug */,
				8F22A3891DC5D42B00672F71 /* Release */,
			);
			defaultConfigurationIsVisible = 0;
			defaultConfigurationName = Release;
		};
		8F22A38A1DC5D42B00672F71 /* Build configuration list for PBXNativeTarget "moveApp" */ = {
			isa = XCConfigurationList;
			buildConfigurations = (
				8F22A38B1DC5D42B00672F71 /* Debug */,
				8F22A38C1DC5D42B00672F71 /* Release */,
			);
			defaultConfigurationIsVisible = 0;
		};
/* End XCConfigurationList section */
	};
	rootObject = 8F22A3701DC5D42B00672F71 /* Project object */;
}
